
Microsoft Visual Studio Solution File, Format Version 12.00
# Visual Studio 15
VisualStudioVersion = 15.0.26228.4
MinimumVisualStudioVersion = 10.0.40219.1
Project("{FAE04EC0-301F-11D3-BF4B-00C04F79EFBC}") = "TabulateSmarterTestPackage", "TabulateSmarterTestPackage\TabulateSmarterTestPackage.csproj", "{8B1C74F6-8534-45E9-AE12-2ED0EAA5545E}"
	ProjectSection(ProjectDependencies) = postProject
		{13D02C2B-F91B-4CE2-8B7C-AF6A37E0D5A1} = {13D02C2B-F91B-4CE2-8B7C-AF6A37E0D5A1}
		{24EFD539-9E45-43BB-86CE-90D5EDFE68F2} = {24EFD539-9E45-43BB-86CE-90D5EDFE68F2}
	EndProjectSection
EndProject
Project("{FAE04EC0-301F-11D3-BF4B-00C04F79EFBC}") = "ProcessSmarterTestPackage.Tests", "ProcessSmarterTestPackage.Tests\ProcessSmarterTestPackage.Tests.csproj", "{11EE9B6A-DF6C-4247-AC88-07C9A627627B}"
EndProject
Project("{FAE04EC0-301F-11D3-BF4B-00C04F79EFBC}") = "ValidateSmarterTestPackage.Tests", "ValidateSmarterTestPackage.Tests\ValidateSmarterTestPackage.Tests.csproj", "{45C6C00E-DC65-4C99-9848-53DE2226A4B3}"
EndProject
Project("{FAE04EC0-301F-11D3-BF4B-00C04F79EFBC}") = "ProcessSmarterTestPackage", "ProcessSmarterTestPackage\ProcessSmarterTestPackage.csproj", "{24EFD539-9E45-43BB-86CE-90D5EDFE68F2}"
EndProject
Project("{FAE04EC0-301F-11D3-BF4B-00C04F79EFBC}") = "ValidateSmarterTestPackage", "ValidateSmarterTestPackage\ValidateSmarterTestPackage.csproj", "{13D02C2B-F91B-4CE2-8B7C-AF6A37E0D5A1}"
EndProject
Project("{FAE04EC0-301F-11D3-BF4B-00C04F79EFBC}") = "SmarterTestPackage.Common", "SmarterTestPackage.Common\SmarterTestPackage.Common.csproj", "{3E5B3C7D-9F21-4EF6-A18D-B3F6D762A7FF}"
EndProject
Global
	GlobalSection(SolutionConfigurationPlatforms) = preSolution
		Debug|Any CPU = Debug|Any CPU
		Release|Any CPU = Release|Any CPU
	EndGlobalSection
	GlobalSection(ProjectConfigurationPlatforms) = postSolution
		{8B1C74F6-8534-45E9-AE12-2ED0EAA5545E}.Debug|Any CPU.ActiveCfg = Debug|Any CPU
		{8B1C74F6-8534-45E9-AE12-2ED0EAA5545E}.Debug|Any CPU.Build.0 = Debug|Any CPU
		{8B1C74F6-8534-45E9-AE12-2ED0EAA5545E}.Release|Any CPU.ActiveCfg = Release|Any CPU
		{8B1C74F6-8534-45E9-AE12-2ED0EAA5545E}.Release|Any CPU.Build.0 = Release|Any CPU
		{11EE9B6A-DF6C-4247-AC88-07C9A627627B}.Debug|Any CPU.ActiveCfg = Debug|Any CPU
		{11EE9B6A-DF6C-4247-AC88-07C9A627627B}.Debug|Any CPU.Build.0 = Debug|Any CPU
		{11EE9B6A-DF6C-4247-AC88-07C9A627627B}.Release|Any CPU.ActiveCfg = Release|Any CPU
		{11EE9B6A-DF6C-4247-AC88-07C9A627627B}.Release|Any CPU.Build.0 = Release|Any CPU
		{45C6C00E-DC65-4C99-9848-53DE2226A4B3}.Debug|Any CPU.ActiveCfg = Debug|Any CPU
		{45C6C00E-DC65-4C99-9848-53DE2226A4B3}.Debug|Any CPU.Build.0 = Debug|Any CPU
		{45C6C00E-DC65-4C99-9848-53DE2226A4B3}.Release|Any CPU.ActiveCfg = Release|Any CPU
		{45C6C00E-DC65-4C99-9848-53DE2226A4B3}.Release|Any CPU.Build.0 = Release|Any CPU
		{24EFD539-9E45-43BB-86CE-90D5EDFE68F2}.Debug|Any CPU.ActiveCfg = Debug|Any CPU
		{24EFD539-9E45-43BB-86CE-90D5EDFE68F2}.Debug|Any CPU.Build.0 = Debug|Any CPU
		{24EFD539-9E45-43BB-86CE-90D5EDFE68F2}.Release|Any CPU.ActiveCfg = Release|Any CPU
		{24EFD539-9E45-43BB-86CE-90D5EDFE68F2}.Release|Any CPU.Build.0 = Release|Any CPU
		{13D02C2B-F91B-4CE2-8B7C-AF6A37E0D5A1}.Debug|Any CPU.ActiveCfg = Debug|Any CPU
		{13D02C2B-F91B-4CE2-8B7C-AF6A37E0D5A1}.Debug|Any CPU.Build.0 = Debug|Any CPU
		{13D02C2B-F91B-4CE2-8B7C-AF6A37E0D5A1}.Release|Any CPU.ActiveCfg = Release|Any CPU
		{13D02C2B-F91B-4CE2-8B7C-AF6A37E0D5A1}.Release|Any CPU.Build.0 = Release|Any CPU
		{3E5B3C7D-9F21-4EF6-A18D-B3F6D762A7FF}.Debug|Any CPU.ActiveCfg = Debug|Any CPU
		{3E5B3C7D-9F21-4EF6-A18D-B3F6D762A7FF}.Debug|Any CPU.Build.0 = Debug|Any CPU
		{3E5B3C7D-9F21-4EF6-A18D-B3F6D762A7FF}.Release|Any CPU.ActiveCfg = Release|Any CPU
		{3E5B3C7D-9F21-4EF6-A18D-B3F6D762A7FF}.Release|Any CPU.Build.0 = Release|Any CPU
	EndGlobalSection
	GlobalSection(SolutionProperties) = preSolution
		HideSolutionNode = FALSE
	EndGlobalSection
EndGlobal
